
Microsoft Visual Studio Solution File, Format Version 12.00
# Visual Studio Version 16
VisualStudioVersion = 16.0.29001.49
MinimumVisualStudioVersion = 10.0.40219.1
Project("{FAE04EC0-301F-11D3-BF4B-00C04F79EFBC}") = "GigHunt", "GigHunt\GigHunt.csproj", "{D9EF7481-DC59-47DB-8F24-1C4DFDCF2A96}"
EndProject
Global
	GlobalSection(SolutionConfigurationPlatforms) = preSolution
		Debug|Any CPU = Debug|Any CPU
		Release|Any CPU = Release|Any CPU
	EndGlobalSection
	GlobalSection(ProjectConfigurationPlatforms) = postSolution
		{D9EF7481-DC59-47DB-8F24-1C4DFDCF2A96}.Debug|Any CPU.ActiveCfg = Debug|Any CPU
		{D9EF7481-DC59-47DB-8F24-1C4DFDCF2A96}.Debug|Any CPU.Build.0 = Debug|Any CPU
		{D9EF7481-DC59-47DB-8F24-1C4DFDCF2A96}.Release|Any CPU.ActiveCfg = Release|Any CPU
		{D9EF7481-DC59-47DB-8F24-1C4DFDCF2A96}.Release|Any CPU.Build.0 = Release|Any CPU
	EndGlobalSection
	GlobalSection(SolutionProperties) = preSolution
		HideSolutionNode = FALSE
	EndGlobalSection
	GlobalSection(ExtensibilityGlobals) = postSolution
		SolutionGuid = {32D64A2F-17E3-454A-82E8-94ABFB714219}
	EndGlobalSection
EndGlobal
